
Microsoft Visual Studio Solution File, Format Version 12.00
# Visual Studio Version 16
VisualStudioVersion = 25.0.1700.4
MinimumVisualStudioVersion = 10.0.40219.1
Project("{FAE04EC0-301F-11D3-BF4B-00C04F79EFBC}") = "TodoRestV2.Android", "TodoRestV2\TodoRestV2.Android\TodoRestV2.Android.csproj", "{3D40E01F-0A72-4943-8BDA-358606D36F6B}"
EndProject
Project("{FAE04EC0-301F-11D3-BF4B-00C04F79EFBC}") = "TodoRestV2.iOS", "TodoRestV2\TodoRestV2.iOS\TodoRestV2.iOS.csproj", "{36A2B9D7-D4D7-4BCA-B65B-E26248AB9C53}"
EndProject
Project("{FAE04EC0-301F-11D3-BF4B-00C04F79EFBC}") = "TodoRestV2", "TodoRestV2\TodoRestV2\TodoRestV2.csproj", "{C5A517BA-8943-45D3-A7CE-0E9D01D14FDD}"
EndProject
Global
	GlobalSection(SolutionConfigurationPlatforms) = preSolution
		Debug|Any CPU = Debug|Any CPU
		Release|Any CPU = Release|Any CPU
		Debug|iPhoneSimulator = Debug|iPhoneSimulator
		Release|iPhoneSimulator = Release|iPhoneSimulator
		Debug|iPhone = Debug|iPhone
		Release|iPhone = Release|iPhone
	EndGlobalSection
	GlobalSection(ProjectConfigurationPlatforms) = postSolution
		{3D40E01F-0A72-4943-8BDA-358606D36F6B}.Debug|Any CPU.ActiveCfg = Debug|Any CPU
		{3D40E01F-0A72-4943-8BDA-358606D36F6B}.Debug|Any CPU.Build.0 = Debug|Any CPU
		{3D40E01F-0A72-4943-8BDA-358606D36F6B}.Release|Any CPU.ActiveCfg = Release|Any CPU
		{3D40E01F-0A72-4943-8BDA-358606D36F6B}.Release|Any CPU.Build.0 = Release|Any CPU
		{3D40E01F-0A72-4943-8BDA-358606D36F6B}.Debug|iPhoneSimulator.ActiveCfg = Debug|Any CPU
		{3D40E01F-0A72-4943-8BDA-358606D36F6B}.Debug|iPhoneSimulator.Build.0 = Debug|Any CPU
		{3D40E01F-0A72-4943-8BDA-358606D36F6B}.Release|iPhoneSimulator.ActiveCfg = Release|Any CPU
		{3D40E01F-0A72-4943-8BDA-358606D36F6B}.Release|iPhoneSimulator.Build.0 = Release|Any CPU
		{3D40E01F-0A72-4943-8BDA-358606D36F6B}.Debug|iPhone.ActiveCfg = Debug|Any CPU
		{3D40E01F-0A72-4943-8BDA-358606D36F6B}.Debug|iPhone.Build.0 = Debug|Any CPU
		{3D40E01F-0A72-4943-8BDA-358606D36F6B}.Release|iPhone.ActiveCfg = Release|Any CPU
		{3D40E01F-0A72-4943-8BDA-358606D36F6B}.Release|iPhone.Build.0 = Release|Any CPU
		{36A2B9D7-D4D7-4BCA-B65B-E26248AB9C53}.Debug|Any CPU.ActiveCfg = Debug|iPhoneSimulator
		{36A2B9D7-D4D7-4BCA-B65B-E26248AB9C53}.Debug|Any CPU.Build.0 = Debug|iPhoneSimulator
		{36A2B9D7-D4D7-4BCA-B65B-E26248AB9C53}.Release|Any CPU.ActiveCfg = Release|iPhoneSimulator
		{36A2B9D7-D4D7-4BCA-B65B-E26248AB9C53}.Release|Any CPU.Build.0 = Release|iPhoneSimulator
		{36A2B9D7-D4D7-4BCA-B65B-E26248AB9C53}.Debug|iPhoneSimulator.ActiveCfg = Debug|iPhoneSimulator
		{36A2B9D7-D4D7-4BCA-B65B-E26248AB9C53}.Debug|iPhoneSimulator.Build.0 = Debug|iPhoneSimulator
		{36A2B9D7-D4D7-4BCA-B65B-E26248AB9C53}.Release|iPhoneSimulator.ActiveCfg = Release|iPhoneSimulator
		{36A2B9D7-D4D7-4BCA-B65B-E26248AB9C53}.Release|iPhoneSimulator.Build.0 = Release|iPhoneSimulator
		{36A2B9D7-D4D7-4BCA-B65B-E26248AB9C53}.Debug|iPhone.ActiveCfg = Debug|iPhone
		{36A2B9D7-D4D7-4BCA-B65B-E26248AB9C53}.Debug|iPhone.Build.0 = Debug|iPhone
		{36A2B9D7-D4D7-4BCA-B65B-E26248AB9C53}.Release|iPhone.ActiveCfg = Release|iPhone
		{36A2B9D7-D4D7-4BCA-B65B-E26248AB9C53}.Release|iPhone.Build.0 = Release|iPhone
		{C5A517BA-8943-45D3-A7CE-0E9D01D14FDD}.Debug|Any CPU.ActiveCfg = Debug|Any CPU
		{C5A517BA-8943-45D3-A7CE-0E9D01D14FDD}.Debug|Any CPU.Build.0 = Debug|Any CPU
		{C5A517BA-8943-45D3-A7CE-0E9D01D14FDD}.Release|Any CPU.ActiveCfg = Release|Any CPU
		{C5A517BA-8943-45D3-A7CE-0E9D01D14FDD}.Release|Any CPU.Build.0 = Release|Any CPU
		{C5A517BA-8943-45D3-A7CE-0E9D01D14FDD}.Debug|iPhoneSimulator.ActiveCfg = Debug|Any CPU
		{C5A517BA-8943-45D3-A7CE-0E9D01D14FDD}.Debug|iPhoneSimulator.Build.0 = Debug|Any CPU
		{C5A517BA-8943-45D3-A7CE-0E9D01D14FDD}.Release|iPhoneSimulator.ActiveCfg = Release|Any CPU
		{C5A517BA-8943-45D3-A7CE-0E9D01D14FDD}.Release|iPhoneSimulator.Build.0 = Release|Any CPU
		{C5A517BA-8943-45D3-A7CE-0E9D01D14FDD}.Debug|iPhone.ActiveCfg = Debug|Any CPU
		{C5A517BA-8943-45D3-A7CE-0E9D01D14FDD}.Debug|iPhone.Build.0 = Debug|Any CPU
		{C5A517BA-8943-45D3-A7CE-0E9D01D14FDD}.Release|iPhone.ActiveCfg = Release|Any CPU
		{C5A517BA-8943-45D3-A7CE-0E9D01D14FDD}.Release|iPhone.Build.0 = Release|Any CPU
	EndGlobalSection
	GlobalSection(SolutionProperties) = preSolution
		HideSolutionNode = FALSE
	EndGlobalSection
	GlobalSection(ExtensibilityGlobals) = postSolution
		SolutionGuid = {E1BD080A-4C90-479F-A640-5540D06AF6D7}
	EndGlobalSection
EndGlobal
